// !$*UTF8*$!
{
	archiveVersion = 1;
	classes = {
	};
	objectVersion = 50;
	objects = {

/* Begin PBXBuildFile section */
		5B4C4B4824D12D9F00C2F19B /* AppDelegate.swift in Sources */ = {isa = PBXBuildFile; fileRef = 5B4C4B4724D12D9F00C2F19B /* AppDelegate.swift */; };
		5B4C4B4A24D12D9F00C2F19B /* SceneDelegate.swift in Sources */ = {isa = PBXBuildFile; fileRef = 5B4C4B4924D12D9F00C2F19B /* SceneDelegate.swift */; };
		5B4C4B4C24D12D9F00C2F19B /* ViewController.swift in Sources */ = {isa = PBXBuildFile; fileRef = 5B4C4B4B24D12D9F00C2F19B /* ViewController.swift */; };
		5B4C4B4F24D12D9F00C2F19B /* Main.storyboard in Resources */ = {isa = PBXBuildFile; fileRef = 5B4C4B4D24D12D9F00C2F19B /* Main.storyboard */; };
		5B4C4B5224D12D9F00C2F19B /* ToDoList.xcdatamodeld in Sources */ = {isa = PBXBuildFile; fileRef = 5B4C4B5024D12D9F00C2F19B /* ToDoList.xcdatamodeld */; };
		5B4C4B5424D12DA500C2F19B /* Assets.xcassets in Resources */ = {isa = PBXBuildFile; fileRef = 5B4C4B5324D12DA500C2F19B /* Assets.xcassets */; };
		5B4C4B5724D12DA500C2F19B /* LaunchScreen.storyboard in Resources */ = {isa = PBXBuildFile; fileRef = 5B4C4B5524D12DA500C2F19B /* LaunchScreen.storyboard */; };
		5B4C4B5F24D12EB700C2F19B /* ToDoTableViewCell.swift in Sources */ = {isa = PBXBuildFile; fileRef = 5B4C4B5E24D12EB700C2F19B /* ToDoTableViewCell.swift */; };
/* End PBXBuildFile section */

/* Begin PBXFileReference section */
		5B4C4B4424D12D9F00C2F19B /* ToDoList.app */ = {isa = PBXFileReference; explicitFileType = wrapper.application; includeInIndex = 0; path = ToDoList.app; sourceTree = BUILT_PRODUCTS_DIR; };
		5B4C4B4724D12D9F00C2F19B /* AppDelegate.swift */ = {isa = PBXFileReference; lastKnownFileType = sourcecode.swift; path = AppDelegate.swift; sourceTree = "<group>"; };
		5B4C4B4924D12D9F00C2F19B /* SceneDelegate.swift */ = {isa = PBXFileReference; lastKnownFileType = sourcecode.swift; path = SceneDelegate.swift; sourceTree = "<group>"; };
		5B4C4B4B24D12D9F00C2F19B /* ViewController.swift */ = {isa = PBXFileReference; lastKnownFileType = sourcecode.swift; path = ViewController.swift; sourceTree = "<group>"; };
		5B4C4B4E24D12D9F00C2F19B /* Base */ = {isa = PBXFileReference; lastKnownFileType = file.storyboard; name = Base; path = Base.lproj/Main.storyboard; sourceTree = "<group>"; };
		5B4C4B5124D12D9F00C2F19B /* ToDoList.xcdatamodel */ = {isa = PBXFileReference; lastKnownFileType = wrapper.xcdatamodel; path = ToDoList.xcdatamodel; sourceTree = "<group>"; };
		5B4C4B5324D12DA500C2F19B /* Assets.xcassets */ = {isa = PBXFileReference; lastKnownFileType = folder.assetcatalog; path = Assets.xcassets; sourceTree = "<group>"; };
		5B4C4B5624D12DA500C2F19B /* Base */ = {isa = PBXFileReference; lastKnownFileType = file.storyboard; name = Base; path = Base.lproj/LaunchScreen.storyboard; sourceTree = "<group>"; };
		5B4C4B5824D12DA500C2F19B /* Info.plist */ = {isa = PBXFileReference; lastKnownFileType = text.plist.xml; path = Info.plist; sourceTree = "<group>"; };
		5B4C4B5E24D12EB700C2F19B /* ToDoTableViewCell.swift */ = {isa = PBXFileReference; lastKnownFileType = sourcecode.swift; path = ToDoTableViewCell.swift; sourceTree = "<group>"; };
/* End PBXFileReference section */

/* Begin PBXFrameworksBuildPhase section */
		5B4C4B4124D12D9F00C2F19B /* Frameworks */ = {
			isa = PBXFrameworksBuildPhase;
			buildActionMask = 2147483647;
			files = (
			);
			runOnlyForDeploymentPostprocessing = 0;
		};
/* End PBXFrameworksBuildPhase section */

/* Begin PBXGroup section */
		5B4C4B3B24D12D9F00C2F19B = {
			isa = PBXGroup;
			children = (
				5B4C4B4624D12D9F00C2F19B /* ToDoList */,
				5B4C4B4524D12D9F00C2F19B /* Products */,
			);
			sourceTree = "<group>";
		};
		5B4C4B4524D12D9F00C2F19B /* Products */ = {
			isa = PBXGroup;
			children = (
				5B4C4B4424D12D9F00C2F19B /* ToDoList.app */,
			);
			name = Products;
			sourceTree = "<group>";
		};
		5B4C4B4624D12D9F00C2F19B /* ToDoList */ = {
			isa = PBXGroup;
			children = (
				5B4C4B4724D12D9F00C2F19B /* AppDelegate.swift */,
				5B4C4B4924D12D9F00C2F19B /* SceneDelegate.swift */,
				5B4C4B4B24D12D9F00C2F19B /* ViewController.swift */,
				5B4C4B4D24D12D9F00C2F19B /* Main.storyboard */,
				5B4C4B5324D12DA500C2F19B /* Assets.xcassets */,
				5B4C4B5524D12DA500C2F19B /* LaunchScreen.storyboard */,
				5B4C4B5824D12DA500C2F19B /* Info.plist */,
				5B4C4B5024D12D9F00C2F19B /* ToDoList.xcdatamodeld */,
				5B4C4B5E24D12EB700C2F19B /* ToDoTableViewCell.swift */,
			);
			path = ToDoList;
			sourceTree = "<group>";
		};
/* End PBXGroup section */

/* Begin PBXNativeTarget section */
		5B4C4B4324D12D9F00C2F19B /* ToDoList */ = {
			isa = PBXNativeTarget;
			buildConfigurationList = 5B4C4B5B24D12DA500C2F19B /* Build configuration list for PBXNativeTarget "ToDoList" */;
			buildPhases = (
				5B4C4B4024D12D9F00C2F19B /* Sources */,
				5B4C4B4124D12D9F00C2F19B /* Frameworks */,
				5B4C4B4224D12D9F00C2F19B /* Resources */,
			);
			buildRules = (
			);
			dependencies = (
			);
			name = ToDoList;
			productName = ToDoList;
			productReference = 5B4C4B4424D12D9F00C2F19B /* ToDoList.app */;
			productType = "com.apple.product-type.application";
		};
/* End PBXNativeTarget section */

/* Begin PBXProject section */
		5B4C4B3C24D12D9F00C2F19B /* Project object */ = {
			isa = PBXProject;
			attributes = {
				LastSwiftUpdateCheck = 1130;
				LastUpgradeCheck = 1130;
				ORGANIZATIONNAME = "shubham Garg";
				TargetAttributes = {
					5B4C4B4324D12D9F00C2F19B = {
						CreatedOnToolsVersion = 11.3.1;
					};
				};
			};
			buildConfigurationList = 5B4C4B3F24D12D9F00C2F19B /* Build configuration list for PBXProject "ToDoList" */;
			compatibilityVersion = "Xcode 9.3";
			developmentRegion = en;
			hasScannedForEncodings = 0;
			knownRegions = (
				en,
				Base,
			);
			mainGroup = 5B4C4B3B24D12D9F00C2F19B;
			productRefGroup = 5B4C4B4524D12D9F00C2F19B /* Products */;
			projectDirPath = "";
			projectRoot = "";
			targets = (
				5B4C4B4324D12D9F00C2F19B /* ToDoList */,
			);
		};
/* End PBXProject section */

/* Begin PBXResourcesBuildPhase section */
		5B4C4B4224D12D9F00C2F19B /* Resources */ = {
			isa = PBXResourcesBuildPhase;
			buildActionMask = 2147483647;
			files = (
				5B4C4B5724D12DA500C2F19B /* LaunchScreen.storyboard in Resources */,
				5B4C4B5424D12DA500C2F19B /* Assets.xcassets in Resources */,
				5B4C4B4F24D12D9F00C2F19B /* Main.storyboard in Resources */,
			);
			runOnlyForDeploymentPostprocessing = 0;
		};
/* End PBXResourcesBuildPhase section */

/* Begin PBXSourcesBuildPhase section */
		5B4C4B4024D12D9F00C2F19B /* Sources */ = {
			isa = PBXSourcesBuildPhase;
			buildActionMask = 2147483647;
			files = (
				5B4C4B4C24D12D9F00C2F19B /* ViewController.swift in Sources */,
				5B4C4B4824D12D9F00C2F19B /* AppDelegate.swift in Sources */,
				5B4C4B4A24D12D9F00C2F19B /* SceneDelegate.swift in Sources */,
				5B4C4B5224D12D9F00C2F19B /* ToDoList.xcdatamodeld in Sources */,
				5B4C4B5F24D12EB700C2F19B /* ToDoTableViewCell.swift in Sources */,
			);
			runOnlyForDeploymentPostprocessing = 0;
		};
/* End PBXSourcesBuildPhase section */

/* Begin PBXVariantGroup section */
		5B4C4B4D24D12D9F00C2F19B /* Main.storyboard */ = {
			isa = PBXVariantGroup;
			children = (
				5B4C4B4E24D12D9F00C2F19B /* Base */,
			);
			name = Main.storyboard;
			sourceTree = "<group>";
		};
		5B4C4B5524D12DA500C2F19B /* LaunchScreen.storyboard */ = {
			isa = PBXVariantGroup;
			children = (
				5B4C4B5624D12DA500C2F19B /* Base */,
			);
			name = LaunchScreen.storyboard;
			sourceTree = "<group>";
		};
/* End PBXVariantGroup section */

/* Begin XCBuildConfiguration section */
		5B4C4B5924D12DA500C2F19B /* Debug */ = {
			isa = XCBuildConfiguration;
			buildSettings = {
				ALWAYS_SEARCH_USER_PATHS = NO;
				CLANG_ANALYZER_NONNULL = YES;
				CLANG_ANALYZER_NUMBER_OBJECT_CONVERSION = YES_AGGRESSIVE;
				CLANG_CXX_LANGUAGE_STANDARD = "gnu++14";
				CLANG_CXX_LIBRARY = "libc++";
				CLANG_ENABLE_MODULES = YES;
				CLANG_ENABLE_OBJC_ARC = YES;
				CLANG_ENABLE_OBJC_WEAK = YES;
				CLANG_WARN_BLOCK_CAPTURE_AUTORELEASING = YES;
				CLANG_WARN_BOOL_CONVERSION = YES;
				CLANG_WARN_COMMA = YES;
				CLANG_WARN_CONSTANT_CONVERSION = YES;
				CLANG_WARN_DEPRECATED_OBJC_IMPLEMENTATIONS = YES;
				CLANG_WARN_DIRECT_OBJC_ISA_USAGE = YES_ERROR;
				CLANG_WARN_DOCUMENTATION_COMMENTS = YES;
				CLANG_WARN_EMPTY_BODY = YES;
				CLANG_WARN_ENUM_CONVERSION = YES;
				CLANG_WARN_INFINITE_RECURSION = YES;
				CLANG_WARN_INT_CONVERSION = YES;
				CLANG_WARN_NON_LITERAL_NULL_CONVERSION = YES;
				CLANG_WARN_OBJC_IMPLICIT_RETAIN_SELF = YES;
				CLANG_WARN_OBJC_LITERAL_CONVERSION = YES;
				CLANG_WARN_OBJC_ROOT_CLASS = YES_ERROR;
				CLANG_WARN_RANGE_LOOP_ANALYSIS = YES;
				CLANG_WARN_STRICT_PROTOTYPES = YES;
				CLANG_WARN_SUSPICIOUS_MOVE = YES;
				CLANG_WARN_UNGUARDED_AVAILABILITY = YES_AGGRESSIVE;
				CLANG_WARN_UNREACHABLE_CODE = YES;
				CLANG_WARN__DUPLICATE_METHOD_MATCH = YES;
				COPY_PHASE_STRIP = NO;
				DEBUG_INFORMATION_FORMAT = dwarf;
				ENABLE_STRICT_OBJC_MSGSEND = YES;
				ENABLE_TESTABILITY = YES;
				GCC_C_LANGUAGE_STANDARD = gnu11;
				GCC_DYNAMIC_NO_PIC = NO;
				GCC_NO_COMMON_BLOCKS = YES;
				GCC_OPTIMIZATION_LEVEL = 0;
				GCC_PREPROCESSOR_DEFINITIONS = (
					"DEBUG=1",
					"$(inherited)",
				);
				GCC_WARN_64_TO_32_BIT_CONVERSION = YES;
				GCC_WARN_ABOUT_RETURN_TYPE = YES_ERROR;
				GCC_WARN_UNDECLARED_SELECTOR = YES;
				GCC_WARN_UNINITIALIZED_AUTOS = YES_AGGRESSIVE;
				GCC_WARN_UNUSED_FUNCTION = YES;
				GCC_WARN_UNUSED_VARIABLE = YES;
				IPHONEOS_DEPLOYMENT_TARGET = 13.2;
				MTL_ENABLE_DEBUG_INFO = INCLUDE_SOURCE;
				MTL_FAST_MATH = YES;
				ONLY_ACTIVE_ARCH = YES;
				SDKROOT = iphoneos;
				SWIFT_ACTIVE_COMPILATION_CONDITIONS = DEBUG;
				SWIFT_OPTIMIZATION_LEVEL = "-Onone";
			};
			name = Debug;
		};
		5B4C4B5A24D12DA500C2F19B /* Release */ = {
			isa = XCBuildConfiguration;
			buildSettings = {
				ALWAYS_SEARCH_USER_PATHS = NO;
				CLANG_ANALYZER_NONNULL = YES;
				CLANG_ANALYZER_NUMBER_OBJECT_CONVERSION = YES_AGGRESSIVE;
				CLANG_CXX_LANGUAGE_STANDARD = "gnu++14";
				CLANG_CXX_LIBRARY = "libc++";
				CLANG_ENABLE_MODULES = YES;
				CLANG_ENABLE_OBJC_ARC = YES;
				CLANG_ENABLE_OBJC_WEAK = YES;
				CLANG_WARN_BLOCK_CAPTURE_AUTORELEASING = YES;
				CLANG_WARN_BOOL_CONVERSION = YES;
				CLANG_WARN_COMMA = YES;
				CLANG_WARN_CONSTANT_CONVERSION = YES;
				CLANG_WARN_DEPRECATED_OBJC_IMPLEMENTATIONS = YES;
				CLANG_WARN_DIRECT_OBJC_ISA_USAGE = YES_ERROR;
				CLANG_WARN_DOCUMENTATION_COMMENTS = YES;
				CLANG_WARN_EMPTY_BODY = YES;
				CLANG_WARN_ENUM_CONVERSION = YES;
				CLANG_WARN_INFINITE_RECURSION = YES;
				CLANG_WARN_INT_CONVERSION = YES;
				CLANG_WARN_NON_LITERAL_NULL_CONVERSION = YES;
				CLANG_WARN_OBJC_IMPLICIT_RETAIN_SELF = YES;
				CLANG_WARN_OBJC_LITERAL_CONVERSION = YES;
				CLANG_WARN_OBJC_ROOT_CLASS = YES_ERROR;
				CLANG_WARN_RANGE_LOOP_ANALYSIS = YES;
				CLANG_WARN_STRICT_PROTOTYPES = YES;
				CLANG_WARN_SUSPICIOUS_MOVE = YES;
				CLANG_WARN_UNGUARDED_AVAILABILITY = YES_AGGRESSIVE;
				CLANG_WARN_UNREACHABLE_CODE = YES;
				CLANG_WARN__DUPLICATE_METHOD_MATCH = YES;
				COPY_PHASE_STRIP = NO;
				DEBUG_INFORMATION_FORMAT = "dwarf-with-dsym";
				ENABLE_NS_ASSERTIONS = NO;
				ENABLE_STRICT_OBJC_MSGSEND = YES;
				GCC_C_LANGUAGE_STANDARD = gnu11;
				GCC_NO_COMMON_BLOCKS = YES;
				GCC_WARN_64_TO_32_BIT_CONVERSION = YES;
				GCC_WARN_ABOUT_RETURN_TYPE = YES_ERROR;
				GCC_WARN_UNDECLARED_SELECTOR = YES;
				GCC_WARN_UNINITIALIZED_AUTOS = YES_AGGRESSIVE;
				GCC_WARN_UNUSED_FUNCTION = YES;
				GCC_WARN_UNUSED_VARIABLE = YES;
				IPHONEOS_DEPLOYMENT_TARGET = 13.2;
				MTL_ENABLE_DEBUG_INFO = NO;
				MTL_FAST_MATH = YES;
				SDKROOT = iphoneos;
				SWIFT_COMPILATION_MODE = wholemodule;
				SWIFT_OPTIMIZATION_LEVEL = "-O";
				VALIDATE_PRODUCT = YES;
			};
			name = Release;
		};
		5B4C4B5C24D12DA500C2F19B /* Debug */ = {
			isa = XCBuildConfiguration;
			buildSettings = {
				ASSETCATALOG_COMPILER_APPICON_NAME = AppIcon;
				CODE_SIGN_STYLE = Automatic;
				INFOPLIST_FILE = ToDoList/Info.plist;
				LD_RUNPATH_SEARCH_PATHS = (
					"$(inherited)",
					"@executable_path/Frameworks",
				);
				PRODUCT_BUNDLE_IDENTIFIER = Shubh.ToDoList;
				PRODUCT_NAME = "$(TARGET_NAME)";
				SWIFT_VERSION = 5.0;
				TARGETED_DEVICE_FAMILY = "1,2";
			};
			name = Debug;
		};
		5B4C4B5D24D12DA500C2F19B /* Release */ = {
			isa = XCBuildConfiguration;
			buildSettings = {
				ASSETCATALOG_COMPILER_APPICON_NAME = AppIcon;
				CODE_SIGN_STYLE = Automatic;
				INFOPLIST_FILE = ToDoList/Info.plist;
				LD_RUNPATH_SEARCH_PATHS = (
					"$(inherited)",
					"@executable_path/Frameworks",
				);
				PRODUCT_BUNDLE_IDENTIFIER = Shubh.ToDoList;
				PRODUCT_NAME = "$(TARGET_NAME)";
				SWIFT_VERSION = 5.0;
				TARGETED_DEVICE_FAMILY = "1,2";
			};
			name = Release;
		};
/* End XCBuildConfiguration section */

/* Begin XCConfigurationList section */
		5B4C4B3F24D12D9F00C2F19B /* Build configuration list for PBXProject "ToDoList" */ = {
			isa = XCConfigurationList;
			buildConfigurations = (
				5B4C4B5924D12DA500C2F19B /* Debug */,
				5B4C4B5A24D12DA500C2F19B /* Release */,
			);
			defaultConfigurationIsVisible = 0;
			defaultConfigurationName = Release;
		};
		5B4C4B5B24D12DA500C2F19B /* Build configuration list for PBXNativeTarget "ToDoList" */ = {
			isa = XCConfigurationList;
			buildConfigurations = (
				5B4C4B5C24D12DA500C2F19B /* Debug */,
				5B4C4B5D24D12DA500C2F19B /* Release */,
			);
			defaultConfigurationIsVisible = 0;
			defaultConfigurationName = Release;
		};
/* End XCConfigurationList section */

/* Begin XCVersionGroup section */
		5B4C4B5024D12D9F00C2F19B /* ToDoList.xcdatamodeld */ = {
			isa = XCVersionGroup;
			children = (
				5B4C4B5124D12D9F00C2F19B /* ToDoList.xcdatamodel */,
			);
			currentVersion = 5B4C4B5124D12D9F00C2F19B /* ToDoList.xcdatamodel */;
			path = ToDoList.xcdatamodeld;
			sourceTree = "<group>";
			versionGroupType = wrapper.xcdatamodel;
		};
/* End XCVersionGroup section */
	};
	rootObject = 5B4C4B3C24D12D9F00C2F19B /* Project object */;
}
